{
  "name": "abiliyo-backend",
  "version": "0.0.3",
  "lockfileVersion": 1,
  "requires": true,
  "dependencies": {
    "lambda-hooks": {
      "version": "0.2.1",
      "resolved": "https://registry.npmjs.org/lambda-hooks/-/lambda-hooks-0.2.1.tgz",
      "integrity": "sha512-ZPBQZR0twK+iZkbX0WKmIhmvvP4ZT9skFHTMpp4fOt0K6yql/rJhmXNKrJN77Bs7j23WP2W6uplEe2sR4sdOUg=="
    }
  }
}
